
Microsoft Visual Studio Solution File, Format Version 12.00
# Visual Studio Version 17
VisualStudioVersion = 17.4.33205.214
MinimumVisualStudioVersion = 10.0.40219.1
Project("{FAE04EC0-301F-11D3-BF4B-00C04F79EFBC}") = "Cookie Clicker", "Cookie Clicker.csproj", "{BBBD0166-A10F-42BC-A83E-EA432515259B}"
EndProject
Global
	GlobalSection(SolutionConfigurationPlatforms) = preSolution
		Debug|Any CPU = Debug|Any CPU
		Release|Any CPU = Release|Any CPU
	EndGlobalSection
	GlobalSection(ProjectConfigurationPlatforms) = postSolution
		{BBBD0166-A10F-42BC-A83E-EA432515259B}.Debug|Any CPU.ActiveCfg = Debug|Any CPU
		{BBBD0166-A10F-42BC-A83E-EA432515259B}.Debug|Any CPU.Build.0 = Debug|Any CPU
		{BBBD0166-A10F-42BC-A83E-EA432515259B}.Release|Any CPU.ActiveCfg = Release|Any CPU
		{BBBD0166-A10F-42BC-A83E-EA432515259B}.Release|Any CPU.Build.0 = Release|Any CPU
	EndGlobalSection
	GlobalSection(SolutionProperties) = preSolution
		HideSolutionNode = FALSE
	EndGlobalSection
	GlobalSection(ExtensibilityGlobals) = postSolution
		SolutionGuid = {8C1BE341-4C44-4623-911E-8CA6987D274F}
	EndGlobalSection
EndGlobal
